Microsoft Visual Studio Solution File, Format Version 12.00
# Visual Studio Version 17
VisualStudioVersion = 17.0.31808.319
MinimumVisualStudioVersion = 15.0.26124.0
Project("{9A19103F-16F7-4668-BE54-9A1E7A4F7556}") = "Grynwald.MarkdownGenerator", "src\MarkdownGenerator\Grynwald.MarkdownGenerator.csproj", "{B190C729-5CD5-46DE-A0F6-123657DBE873}"
EndProject
Project("{9A19103F-16F7-4668-BE54-9A1E7A4F7556}") = "Grynwald.MarkdownGenerator.Test", "src\MarkdownGenerator.Test\Grynwald.MarkdownGenerator.Test.csproj", "{B5045F23-A55F-4313-93CF-6A57956C1489}"
EndProject
Project("{9A19103F-16F7-4668-BE54-9A1E7A4F7556}") = "Grynwald.MarkdownGenerator.Test.DocsVerification", "src\MarkdownGenerator.Test.DocsVerification\Grynwald.MarkdownGenerator.Test.DocsVerification.csproj", "{C12F9B8E-A5C7-4ECE-A6B3-36677C9DA617}"
EndProject
Project("{2150E333-8FDC-42A3-9474-1A3956D46DE8}") = "Solution Items", "Solution Items", "{8BA16D5C-DD01-4C88-87E8-D00FC681EA2D}"
	ProjectSection(SolutionItems) = preProject
		.editorconfig = .editorconfig
		Directory.Build.props = Directory.Build.props
		Directory.Build.targets = Directory.Build.targets
	EndProjectSection
EndProject
Project("{9A19103F-16F7-4668-BE54-9A1E7A4F7556}") = "Grynwald.MarkdownGenerator.Test.ApiApproval", "src\MarkdownGenerator.Test.ApiApproval\Grynwald.MarkdownGenerator.Test.ApiApproval.csproj", "{2D8B6BF8-A13A-4903-9D3F-50D4312E50D7}"
EndProject
Global
	GlobalSection(SolutionConfigurationPlatforms) = preSolution
		Debug|Any CPU = Debug|Any CPU
		Release|Any CPU = Release|Any CPU
	EndGlobalSection
	GlobalSection(ProjectConfigurationPlatforms) = postSolution
		{B190C729-5CD5-46DE-A0F6-123657DBE873}.Debug|Any CPU.ActiveCfg = Debug|Any CPU
		{B190C729-5CD5-46DE-A0F6-123657DBE873}.Debug|Any CPU.Build.0 = Debug|Any CPU
		{B190C729-5CD5-46DE-A0F6-123657DBE873}.Release|Any CPU.ActiveCfg = Release|Any CPU
		{B190C729-5CD5-46DE-A0F6-123657DBE873}.Release|Any CPU.Build.0 = Release|Any CPU
		{B5045F23-A55F-4313-93CF-6A57956C1489}.Debug|Any CPU.ActiveCfg = Debug|Any CPU
		{B5045F23-A55F-4313-93CF-6A57956C1489}.Debug|Any CPU.Build.0 = Debug|Any CPU
		{B5045F23-A55F-4313-93CF-6A57956C1489}.Release|Any CPU.ActiveCfg = Release|Any CPU
		{B5045F23-A55F-4313-93CF-6A57956C1489}.Release|Any CPU.Build.0 = Release|Any CPU
		{C12F9B8E-A5C7-4ECE-A6B3-36677C9DA617}.Debug|Any CPU.ActiveCfg = Debug|Any CPU
		{C12F9B8E-A5C7-4ECE-A6B3-36677C9DA617}.Debug|Any CPU.Build.0 = Debug|Any CPU
		{C12F9B8E-A5C7-4ECE-A6B3-36677C9DA617}.Release|Any CPU.ActiveCfg = Release|Any CPU
		{C12F9B8E-A5C7-4ECE-A6B3-36677C9DA617}.Release|Any CPU.Build.0 = Release|Any CPU
		{2D8B6BF8-A13A-4903-9D3F-50D4312E50D7}.Debug|Any CPU.ActiveCfg = Debug|Any CPU
		{2D8B6BF8-A13A-4903-9D3F-50D4312E50D7}.Debug|Any CPU.Build.0 = Debug|Any CPU
		{2D8B6BF8-A13A-4903-9D3F-50D4312E50D7}.Release|Any CPU.ActiveCfg = Release|Any CPU
		{2D8B6BF8-A13A-4903-9D3F-50D4312E50D7}.Release|Any CPU.Build.0 = Release|Any CPU
	EndGlobalSection
	GlobalSection(SolutionProperties) = preSolution
		HideSolutionNode = FALSE
	EndGlobalSection
	GlobalSection(ExtensibilityGlobals) = postSolution
		SolutionGuid = {738EFCB1-B764-42F3-A14A-AD91A91A5F72}
	EndGlobalSection
EndGlobal
