{
  "version": 1,
  "dependencies": {
    "net6.0": {
      "CommandLineParser": {
        "type": "Direct",
        "requested": "[2.8.0, )",
        "resolved": "2.8.0",
        "contentHash": "eco2HlKQBY4Joz9odHigzGpVzv6pjsXnY5lziioMveQxr+i2Z7xYcIOMeZTgYiqnMtMAbXMXsVhrNfWO5vJS8Q=="
      },
      "Microsoft.SourceLink.GitHub": {
        "type": "Direct",
        "requested": "[1.1.1, )",
        "resolved": "1.1.1",
        "contentHash": "IaJGnOv/M7UQjRJks7B6p7pbPnOwisYGOIzqCz5ilGFTApZ3ktOR+6zJ12ZRPInulBmdAf1SrGdDG2MU8g6XTw==",
        "dependencies": {
          "Microsoft.Build.Tasks.Git": "1.1.1",
          "Microsoft.SourceLink.Common": "1.1.1"
        }
      },
      "Nerdbank.GitVersioning": {
        "type": "Direct",
        "requested": "[3.5.54-alpha, )",
        "resolved": "3.5.54-alpha",
        "contentHash": "k/sVSDMtXMSqACw2to3uW+h8AeS2mvcc6KspQG+OG8U3/ARhikFgMrw2nDbb0cRCL2Ox6aLzvt4smw5p2docXw=="
      },
      "Spectre.Console": {
        "type": "Direct",
        "requested": "[0.43.0, )",
        "resolved": "0.43.0",
        "contentHash": "TyfzVxx3jHr1FeeI9Z6Jn6QTnP7KduV14dn9GTYc0v/t2h4L6WJ0Kc2DOnOJUlGBQ/qXK4P+HITIR/JTHcKYLg=="
      },
      "XmlDocMarkdown.Core": {
        "type": "Direct",
        "requested": "[2.8.0, )",
        "resolved": "2.8.0",
        "contentHash": "TzoO4AScs0P7tA3IMjNh+6gFY+s+4Itu9dQr0hE+cYyhwdSyFzNVCLs4PAvH5z+rbPCn5adDU68ZdqNOl5PpRQ=="
      },
      "Microsoft.Build.Tasks.Git": {
        "type": "Transitive",
        "resolved": "1.1.1",
        "contentHash": "AT3HlgTjsqHnWpBHSNeR0KxbLZD7bztlZVj7I8vgeYG9SYqbeFGh0TM/KVtC6fg53nrWHl3VfZFvb5BiQFcY6Q=="
      },
      "Microsoft.SourceLink.Common": {
        "type": "Transitive",
        "resolved": "1.1.1",
        "contentHash": "WMcGpWKrmJmzrNeuaEb23bEMnbtR/vLmvZtkAP5qWu7vQsY59GqfRJd65sFpBszbd2k/bQ8cs8eWawQKAabkVg=="
      },
      "grynwald.markdowngenerator": {
        "type": "Project"
      }
    }
  }
}