Microsoft Visual Studio Solution File, Format Version 12.00
# Visual Studio 15
VisualStudioVersion = 15.0.26124.0
MinimumVisualStudioVersion = 15.0.26124.0
Project("{2150E333-8FDC-42A3-9474-1A3956D46DE8}") = "MarkdownGenerator", "MarkdownGenerator", "{ABFB37DC-8F3A-485E-8006-D54DA3A8565D}"
EndProject
Project("{9A19103F-16F7-4668-BE54-9A1E7A4F7556}") = "Grynwald.MarkdownGenerator", "MarkdownGenerator\main\Grynwald.MarkdownGenerator.csproj", "{B190C729-5CD5-46DE-A0F6-123657DBE873}"
EndProject
Project("{9A19103F-16F7-4668-BE54-9A1E7A4F7556}") = "Grynwald.MarkdownGenerator.Test", "MarkdownGenerator\test\Grynwald.MarkdownGenerator.Test.csproj", "{B5045F23-A55F-4313-93CF-6A57956C1489}"
EndProject
Global
	GlobalSection(SolutionConfigurationPlatforms) = preSolution
		Debug|Any CPU = Debug|Any CPU
		Debug|x64 = Debug|x64
		Debug|x86 = Debug|x86
		Release|Any CPU = Release|Any CPU
		Release|x64 = Release|x64
		Release|x86 = Release|x86
	EndGlobalSection
	GlobalSection(ProjectConfigurationPlatforms) = postSolution
		{B190C729-5CD5-46DE-A0F6-123657DBE873}.Debug|Any CPU.ActiveCfg = Debug|Any CPU
		{B190C729-5CD5-46DE-A0F6-123657DBE873}.Debug|Any CPU.Build.0 = Debug|Any CPU
		{B190C729-5CD5-46DE-A0F6-123657DBE873}.Debug|x64.ActiveCfg = Debug|Any CPU
		{B190C729-5CD5-46DE-A0F6-123657DBE873}.Debug|x64.Build.0 = Debug|Any CPU
		{B190C729-5CD5-46DE-A0F6-123657DBE873}.Debug|x86.ActiveCfg = Debug|Any CPU
		{B190C729-5CD5-46DE-A0F6-123657DBE873}.Debug|x86.Build.0 = Debug|Any CPU
		{B190C729-5CD5-46DE-A0F6-123657DBE873}.Release|Any CPU.ActiveCfg = Release|Any CPU
		{B190C729-5CD5-46DE-A0F6-123657DBE873}.Release|Any CPU.Build.0 = Release|Any CPU
		{B190C729-5CD5-46DE-A0F6-123657DBE873}.Release|x64.ActiveCfg = Release|Any CPU
		{B190C729-5CD5-46DE-A0F6-123657DBE873}.Release|x64.Build.0 = Release|Any CPU
		{B190C729-5CD5-46DE-A0F6-123657DBE873}.Release|x86.ActiveCfg = Release|Any CPU
		{B190C729-5CD5-46DE-A0F6-123657DBE873}.Release|x86.Build.0 = Release|Any CPU
		{B5045F23-A55F-4313-93CF-6A57956C1489}.Debug|Any CPU.ActiveCfg = Debug|Any CPU
		{B5045F23-A55F-4313-93CF-6A57956C1489}.Debug|Any CPU.Build.0 = Debug|Any CPU
		{B5045F23-A55F-4313-93CF-6A57956C1489}.Debug|x64.ActiveCfg = Debug|Any CPU
		{B5045F23-A55F-4313-93CF-6A57956C1489}.Debug|x64.Build.0 = Debug|Any CPU
		{B5045F23-A55F-4313-93CF-6A57956C1489}.Debug|x86.ActiveCfg = Debug|Any CPU
		{B5045F23-A55F-4313-93CF-6A57956C1489}.Debug|x86.Build.0 = Debug|Any CPU
		{B5045F23-A55F-4313-93CF-6A57956C1489}.Release|Any CPU.ActiveCfg = Release|Any CPU
		{B5045F23-A55F-4313-93CF-6A57956C1489}.Release|Any CPU.Build.0 = Release|Any CPU
		{B5045F23-A55F-4313-93CF-6A57956C1489}.Release|x64.ActiveCfg = Release|Any CPU
		{B5045F23-A55F-4313-93CF-6A57956C1489}.Release|x64.Build.0 = Release|Any CPU
		{B5045F23-A55F-4313-93CF-6A57956C1489}.Release|x86.ActiveCfg = Release|Any CPU
		{B5045F23-A55F-4313-93CF-6A57956C1489}.Release|x86.Build.0 = Release|Any CPU
	EndGlobalSection
	GlobalSection(SolutionProperties) = preSolution
		HideSolutionNode = FALSE
	EndGlobalSection
	GlobalSection(NestedProjects) = preSolution
		{B190C729-5CD5-46DE-A0F6-123657DBE873} = {ABFB37DC-8F3A-485E-8006-D54DA3A8565D}
		{B5045F23-A55F-4313-93CF-6A57956C1489} = {ABFB37DC-8F3A-485E-8006-D54DA3A8565D}
	EndGlobalSection
	GlobalSection(ExtensibilityGlobals) = postSolution
		SolutionGuid = {738EFCB1-B764-42F3-A14A-AD91A91A5F72}
	EndGlobalSection
EndGlobal
